
Microsoft Visual Studio Solution File, Format Version 12.00
# Visual Studio 2013
VisualStudioVersion = 12.0.30723.0
MinimumVisualStudioVersion = 10.0.40219.1
Project("{FAE04EC0-301F-11D3-BF4B-00C04F79EFBC}") = "Notifications", "Notifications\Notifications.csproj", "{2C62E7F4-F0F7-47FA-866B-683AC43EE4AC}"
EndProject
Project("{FAE04EC0-301F-11D3-BF4B-00C04F79EFBC}") = "NTest1", "NTest1\NTest1.csproj", "{1A00B58E-DD42-4AFA-BAE2-18D433D66266}"
EndProject
Project("{FAE04EC0-301F-11D3-BF4B-00C04F79EFBC}") = "NTest2", "NTest2\NTest2.csproj", "{B2848EF7-E0C7-4D11-AA09-9543442193E0}"
EndProject
Global
	GlobalSection(SolutionConfigurationPlatforms) = preSolution
		Debug|Any CPU = Debug|Any CPU
		Release|Any CPU = Release|Any CPU
	EndGlobalSection
	GlobalSection(ProjectConfigurationPlatforms) = postSolution
		{2C62E7F4-F0F7-47FA-866B-683AC43EE4AC}.Debug|Any CPU.ActiveCfg = Debug|Any CPU
		{2C62E7F4-F0F7-47FA-866B-683AC43EE4AC}.Debug|Any CPU.Build.0 = Debug|Any CPU
		{2C62E7F4-F0F7-47FA-866B-683AC43EE4AC}.Release|Any CPU.ActiveCfg = Release|Any CPU
		{2C62E7F4-F0F7-47FA-866B-683AC43EE4AC}.Release|Any CPU.Build.0 = Release|Any CPU
		{1A00B58E-DD42-4AFA-BAE2-18D433D66266}.Debug|Any CPU.ActiveCfg = Debug|Any CPU
		{1A00B58E-DD42-4AFA-BAE2-18D433D66266}.Debug|Any CPU.Build.0 = Debug|Any CPU
		{1A00B58E-DD42-4AFA-BAE2-18D433D66266}.Release|Any CPU.ActiveCfg = Release|Any CPU
		{1A00B58E-DD42-4AFA-BAE2-18D433D66266}.Release|Any CPU.Build.0 = Release|Any CPU
		{B2848EF7-E0C7-4D11-AA09-9543442193E0}.Debug|Any CPU.ActiveCfg = Debug|Any CPU
		{B2848EF7-E0C7-4D11-AA09-9543442193E0}.Debug|Any CPU.Build.0 = Debug|Any CPU
		{B2848EF7-E0C7-4D11-AA09-9543442193E0}.Release|Any CPU.ActiveCfg = Release|Any CPU
		{B2848EF7-E0C7-4D11-AA09-9543442193E0}.Release|Any CPU.Build.0 = Release|Any CPU
	EndGlobalSection
	GlobalSection(SolutionProperties) = preSolution
		HideSolutionNode = FALSE
	EndGlobalSection
EndGlobal
